// !$*UTF8*$!
{
	archiveVersion = 1;
	classes = {
	};
	objectVersion = 50;
	objects = {

/* Begin PBXBuildFile section */
		22E3CD3E55FB0A7CE4AC4AAE /* Pods_Food_Sir.framework in Frameworks */ = {isa = PBXBuildFile; fileRef = D5B4F7FFABA251D77909EAAF /* Pods_Food_Sir.framework */; };
		BA86658F2086349E00CFA679 /* AppDelegate.swift in Sources */ = {isa = PBXBuildFile; fileRef = BA86658E2086349E00CFA679 /* AppDelegate.swift */; };
		BA8665942086349E00CFA679 /* Main.storyboard in Resources */ = {isa = PBXBuildFile; fileRef = BA8665922086349E00CFA679 /* Main.storyboard */; };
		BA8665962086349F00CFA679 /* Assets.xcassets in Resources */ = {isa = PBXBuildFile; fileRef = BA8665952086349F00CFA679 /* Assets.xcassets */; };
		BA8665992086349F00CFA679 /* LaunchScreen.storyboard in Resources */ = {isa = PBXBuildFile; fileRef = BA8665972086349F00CFA679 /* LaunchScreen.storyboard */; };
		BA8665A2208638B100CFA679 /* Extensions.swift in Sources */ = {isa = PBXBuildFile; fileRef = BA8665A1208638B100CFA679 /* Extensions.swift */; };
		BA8665A520863D6300CFA679 /* OnboardingScreenController.swift in Sources */ = {isa = PBXBuildFile; fileRef = BA8665A420863D6300CFA679 /* OnboardingScreenController.swift */; };
		BA8665A920863DB300CFA679 /* UserDefaults.swift in Sources */ = {isa = PBXBuildFile; fileRef = BA8665A820863DB300CFA679 /* UserDefaults.swift */; };
		BA8665AB20863DEE00CFA679 /* LoginController.swift in Sources */ = {isa = PBXBuildFile; fileRef = BA8665AA20863DEE00CFA679 /* LoginController.swift */; };
		BA8665AF20863E3300CFA679 /* OnboardingScreen.swift in Sources */ = {isa = PBXBuildFile; fileRef = BA8665AE20863E3300CFA679 /* OnboardingScreen.swift */; };
		BA8665B120863E5000CFA679 /* OnboardingCell.swift in Sources */ = {isa = PBXBuildFile; fileRef = BA8665B020863E5000CFA679 /* OnboardingCell.swift */; };
		BA86662B208F680600CFA679 /* GoogleService-Info.plist in Resources */ = {isa = PBXBuildFile; fileRef = BA86662A208F680500CFA679 /* GoogleService-Info.plist */; };
		BA86662D208F916B00CFA679 /* LoginCell.swift in Sources */ = {isa = PBXBuildFile; fileRef = BA86662C208F916B00CFA679 /* LoginCell.swift */; };
		BA86662F2092086F00CFA679 /* User.swift in Sources */ = {isa = PBXBuildFile; fileRef = BA86662E2092086F00CFA679 /* User.swift */; };
		BA8666312093C76900CFA679 /* CustomTabBarController.swift in Sources */ = {isa = PBXBuildFile; fileRef = BA8666302093C76900CFA679 /* CustomTabBarController.swift */; };
		BA8666332093C85A00CFA679 /* InspirationController.swift in Sources */ = {isa = PBXBuildFile; fileRef = BA8666322093C85A00CFA679 /* InspirationController.swift */; };
		BA866635209513A900CFA679 /* ProfileController.swift in Sources */ = {isa = PBXBuildFile; fileRef = BA866634209513A900CFA679 /* ProfileController.swift */; };
		BA86663720954B9600CFA679 /* Post.swift in Sources */ = {isa = PBXBuildFile; fileRef = BA86663620954B9600CFA679 /* Post.swift */; };
		BA8666392096597100CFA679 /* PostCell.swift in Sources */ = {isa = PBXBuildFile; fileRef = BA8666382096597100CFA679 /* PostCell.swift */; };
		BA866643209A6AA500CFA679 /* GroceryCell.swift in Sources */ = {isa = PBXBuildFile; fileRef = BA866642209A6AA500CFA679 /* GroceryCell.swift */; };
		BA866645209A6BE100CFA679 /* ImageCell.swift in Sources */ = {isa = PBXBuildFile; fileRef = BA866644209A6BE100CFA679 /* ImageCell.swift */; };
		BA86664D209B7A4D00CFA679 /* Comment.swift in Sources */ = {isa = PBXBuildFile; fileRef = BA86664C209B7A4D00CFA679 /* Comment.swift */; };
		BA866651209DC10700CFA679 /* CommentCell.swift in Sources */ = {isa = PBXBuildFile; fileRef = BA866650209DC10700CFA679 /* CommentCell.swift */; };
		BA866653209DC18700CFA679 /* CommentViewCell.swift in Sources */ = {isa = PBXBuildFile; fileRef = BA866652209DC18700CFA679 /* CommentViewCell.swift */; };
		BA86665820A24CDB00CFA679 /* SharePostView.swift in Sources */ = {isa = PBXBuildFile; fileRef = BA86665720A24CDB00CFA679 /* SharePostView.swift */; };
		BA86665A20A24D3C00CFA679 /* SharePostController.swift in Sources */ = {isa = PBXBuildFile; fileRef = BA86665920A24D3C00CFA679 /* SharePostController.swift */; };
/* End PBXBuildFile section */

/* Begin PBXFileReference section */
		07564DBC10A134DEB48CB108 /* Pods-Food Sir.release.xcconfig */ = {isa = PBXFileReference; includeInIndex = 1; lastKnownFileType = text.xcconfig; name = "Pods-Food Sir.release.xcconfig"; path = "Pods/Target Support Files/Pods-Food Sir/Pods-Food Sir.release.xcconfig"; sourceTree = "<group>"; };
		BA86658B2086349E00CFA679 /* Food Sir.app */ = {isa = PBXFileReference; explicitFileType = wrapper.application; includeInIndex = 0; path = "Food Sir.app"; sourceTree = BUILT_PRODUCTS_DIR; };
		BA86658E2086349E00CFA679 /* AppDelegate.swift */ = {isa = PBXFileReference; lastKnownFileType = sourcecode.swift; path = AppDelegate.swift; sourceTree = "<group>"; };
		BA8665932086349E00CFA679 /* Base */ = {isa = PBXFileReference; lastKnownFileType = file.storyboard; name = Base; path = Base.lproj/Main.storyboard; sourceTree = "<group>"; };
		BA8665952086349F00CFA679 /* Assets.xcassets */ = {isa = PBXFileReference; lastKnownFileType = folder.assetcatalog; path = Assets.xcassets; sourceTree = "<group>"; };
		BA8665982086349F00CFA679 /* Base */ = {isa = PBXFileReference; lastKnownFileType = file.storyboard; name = Base; path = Base.lproj/LaunchScreen.storyboard; sourceTree = "<group>"; };
		BA86659A2086349F00CFA679 /* Info.plist */ = {isa = PBXFileReference; lastKnownFileType = text.plist.xml; path = Info.plist; sourceTree = "<group>"; };
		BA8665A1208638B100CFA679 /* Extensions.swift */ = {isa = PBXFileReference; fileEncoding = 4; lastKnownFileType = sourcecode.swift; path = Extensions.swift; sourceTree = "<group>"; };
		BA8665A420863D6300CFA679 /* OnboardingScreenController.swift */ = {isa = PBXFileReference; lastKnownFileType = sourcecode.swift; path = OnboardingScreenController.swift; sourceTree = "<group>"; };
		BA8665A820863DB300CFA679 /* UserDefaults.swift */ = {isa = PBXFileReference; lastKnownFileType = sourcecode.swift; path = UserDefaults.swift; sourceTree = "<group>"; };
		BA8665AA20863DEE00CFA679 /* LoginController.swift */ = {isa = PBXFileReference; lastKnownFileType = sourcecode.swift; path = LoginController.swift; sourceTree = "<group>"; };
		BA8665AE20863E3300CFA679 /* OnboardingScreen.swift */ = {isa = PBXFileReference; lastKnownFileType = sourcecode.swift; path = OnboardingScreen.swift; sourceTree = "<group>"; };
		BA8665B020863E5000CFA679 /* OnboardingCell.swift */ = {isa = PBXFileReference; lastKnownFileType = sourcecode.swift; path = OnboardingCell.swift; sourceTree = "<group>"; };
		BA86662A208F680500CFA679 /* GoogleService-Info.plist */ = {isa = PBXFileReference; fileEncoding = 4; lastKnownFileType = text.plist.xml; path = "GoogleService-Info.plist"; sourceTree = "<group>"; };
		BA86662C208F916B00CFA679 /* LoginCell.swift */ = {isa = PBXFileReference; lastKnownFileType = sourcecode.swift; path = LoginCell.swift; sourceTree = "<group>"; };
		BA86662E2092086F00CFA679 /* User.swift */ = {isa = PBXFileReference; lastKnownFileType = sourcecode.swift; path = User.swift; sourceTree = "<group>"; };
		BA8666302093C76900CFA679 /* CustomTabBarController.swift */ = {isa = PBXFileReference; lastKnownFileType = sourcecode.swift; path = CustomTabBarController.swift; sourceTree = "<group>"; };
		BA8666322093C85A00CFA679 /* InspirationController.swift */ = {isa = PBXFileReference; lastKnownFileType = sourcecode.swift; path = InspirationController.swift; sourceTree = "<group>"; };
		BA866634209513A900CFA679 /* ProfileController.swift */ = {isa = PBXFileReference; lastKnownFileType = sourcecode.swift; path = ProfileController.swift; sourceTree = "<group>"; };
		BA86663620954B9600CFA679 /* Post.swift */ = {isa = PBXFileReference; lastKnownFileType = sourcecode.swift; path = Post.swift; sourceTree = "<group>"; };
		BA8666382096597100CFA679 /* PostCell.swift */ = {isa = PBXFileReference; lastKnownFileType = sourcecode.swift; path = PostCell.swift; sourceTree = "<group>"; };
		BA866642209A6AA500CFA679 /* GroceryCell.swift */ = {isa = PBXFileReference; lastKnownFileType = sourcecode.swift; path = GroceryCell.swift; sourceTree = "<group>"; };
		BA866644209A6BE100CFA679 /* ImageCell.swift */ = {isa = PBXFileReference; lastKnownFileType = sourcecode.swift; path = ImageCell.swift; sourceTree = "<group>"; };
		BA86664C209B7A4D00CFA679 /* Comment.swift */ = {isa = PBXFileReference; lastKnownFileType = sourcecode.swift; path = Comment.swift; sourceTree = "<group>"; };
		BA866650209DC10700CFA679 /* CommentCell.swift */ = {isa = PBXFileReference; lastKnownFileType = sourcecode.swift; path = CommentCell.swift; sourceTree = "<group>"; };
		BA866652209DC18700CFA679 /* CommentViewCell.swift */ = {isa = PBXFileReference; lastKnownFileType = sourcecode.swift; path = CommentViewCell.swift; sourceTree = "<group>"; };
		BA86665720A24CDB00CFA679 /* SharePostView.swift */ = {isa = PBXFileReference; lastKnownFileType = sourcecode.swift; path = SharePostView.swift; sourceTree = "<group>"; };
		BA86665920A24D3C00CFA679 /* SharePostController.swift */ = {isa = PBXFileReference; lastKnownFileType = sourcecode.swift; path = SharePostController.swift; sourceTree = "<group>"; };
		D090327A6381FBBB839F4AD9 /* Pods-Food Sir.debug.xcconfig */ = {isa = PBXFileReference; includeInIndex = 1; lastKnownFileType = text.xcconfig; name = "Pods-Food Sir.debug.xcconfig"; path = "Pods/Target Support Files/Pods-Food Sir/Pods-Food Sir.debug.xcconfig"; sourceTree = "<group>"; };
		D5B4F7FFABA251D77909EAAF /* Pods_Food_Sir.framework */ = {isa = PBXFileReference; explicitFileType = wrapper.framework; includeInIndex = 0; path = Pods_Food_Sir.framework; sourceTree = BUILT_PRODUCTS_DIR; };
/* End PBXFileReference section */

/* Begin PBXFrameworksBuildPhase section */
		BA8665882086349E00CFA679 /* Frameworks */ = {
			isa = PBXFrameworksBuildPhase;
			buildActionMask = 2147483647;
			files = (
				22E3CD3E55FB0A7CE4AC4AAE /* Pods_Food_Sir.framework in Frameworks */,
			);
			runOnlyForDeploymentPostprocessing = 0;
		};
/* End PBXFrameworksBuildPhase section */

/* Begin PBXGroup section */
		9AC06F7084BE4464DCB66F4D /* Frameworks */ = {
			isa = PBXGroup;
			children = (
				D5B4F7FFABA251D77909EAAF /* Pods_Food_Sir.framework */,
			);
			name = Frameworks;
			sourceTree = "<group>";
		};
		BA8665822086349E00CFA679 = {
			isa = PBXGroup;
			children = (
				BA86658D2086349E00CFA679 /* Food Sir */,
				BA86658C2086349E00CFA679 /* Products */,
				FCE8CCBB459475E16DD4E70D /* Pods */,
				9AC06F7084BE4464DCB66F4D /* Frameworks */,
			);
			sourceTree = "<group>";
		};
		BA86658C2086349E00CFA679 /* Products */ = {
			isa = PBXGroup;
			children = (
				BA86658B2086349E00CFA679 /* Food Sir.app */,
			);
			name = Products;
			sourceTree = "<group>";
		};
		BA86658D2086349E00CFA679 /* Food Sir */ = {
			isa = PBXGroup;
			children = (
				BA86658E2086349E00CFA679 /* AppDelegate.swift */,
				BA8665AD20863E0900CFA679 /* Views */,
				BA8665AC20863E0100CFA679 /* Models */,
				BA8665A320863A1300CFA679 /* Controllers */,
				BA8665A02086389C00CFA679 /* Helpers */,
				BA8665922086349E00CFA679 /* Main.storyboard */,
				BA8665952086349F00CFA679 /* Assets.xcassets */,
				BA8665972086349F00CFA679 /* LaunchScreen.storyboard */,
				BA86659A2086349F00CFA679 /* Info.plist */,
				BA86662A208F680500CFA679 /* GoogleService-Info.plist */,
			);
			path = "Food Sir";
			sourceTree = "<group>";
		};
		BA8665A02086389C00CFA679 /* Helpers */ = {
			isa = PBXGroup;
			children = (
				BA8665A1208638B100CFA679 /* Extensions.swift */,
				BA8665A820863DB300CFA679 /* UserDefaults.swift */,
			);
			path = Helpers;
			sourceTree = "<group>";
		};
		BA8665A320863A1300CFA679 /* Controllers */ = {
			isa = PBXGroup;
			children = (
				BA8665A420863D6300CFA679 /* OnboardingScreenController.swift */,
				BA8665AA20863DEE00CFA679 /* LoginController.swift */,
				BA8666302093C76900CFA679 /* CustomTabBarController.swift */,
				BA8666322093C85A00CFA679 /* InspirationController.swift */,
				BA866634209513A900CFA679 /* ProfileController.swift */,
				BA86665920A24D3C00CFA679 /* SharePostController.swift */,
			);
			path = Controllers;
			sourceTree = "<group>";
		};
		BA8665AC20863E0100CFA679 /* Models */ = {
			isa = PBXGroup;
			children = (
				BA8665AE20863E3300CFA679 /* OnboardingScreen.swift */,
				BA86662E2092086F00CFA679 /* User.swift */,
				BA86663620954B9600CFA679 /* Post.swift */,
				BA86664C209B7A4D00CFA679 /* Comment.swift */,
			);
			path = Models;
			sourceTree = "<group>";
		};
		BA8665AD20863E0900CFA679 /* Views */ = {
			isa = PBXGroup;
			children = (
				BA86665620A24C8800CFA679 /* Share Views */,
				BA86665520A24C3900CFA679 /* Initial Views */,
				BA86665420A24C0000CFA679 /* Inspiration Views */,
			);
			path = Views;
			sourceTree = "<group>";
		};
		BA86665420A24C0000CFA679 /* Inspiration Views */ = {
			isa = PBXGroup;
			children = (
				BA8666382096597100CFA679 /* PostCell.swift */,
				BA866652209DC18700CFA679 /* CommentViewCell.swift */,
				BA866650209DC10700CFA679 /* CommentCell.swift */,
				BA866642209A6AA500CFA679 /* GroceryCell.swift */,
				BA866644209A6BE100CFA679 /* ImageCell.swift */,
			);
			path = "Inspiration Views";
			sourceTree = "<group>";
		};
		BA86665520A24C3900CFA679 /* Initial Views */ = {
			isa = PBXGroup;
			children = (
				BA8665B020863E5000CFA679 /* OnboardingCell.swift */,
				BA86662C208F916B00CFA679 /* LoginCell.swift */,
			);
			path = "Initial Views";
			sourceTree = "<group>";
		};
		BA86665620A24C8800CFA679 /* Share Views */ = {
			isa = PBXGroup;
			children = (
				BA86665720A24CDB00CFA679 /* SharePostView.swift */,
			);
			path = "Share Views";
			sourceTree = "<group>";
		};
		FCE8CCBB459475E16DD4E70D /* Pods */ = {
			isa = PBXGroup;
			children = (
				D090327A6381FBBB839F4AD9 /* Pods-Food Sir.debug.xcconfig */,
				07564DBC10A134DEB48CB108 /* Pods-Food Sir.release.xcconfig */,
			);
			name = Pods;
			sourceTree = "<group>";
		};
/* End PBXGroup section */

/* Begin PBXNativeTarget section */
		BA86658A2086349E00CFA679 /* Food Sir */ = {
			isa = PBXNativeTarget;
			buildConfigurationList = BA86659D2086349F00CFA679 /* Build configuration list for PBXNativeTarget "Food Sir" */;
			buildPhases = (
				A51E39EDC8A0540EBCD303AB /* [CP] Check Pods Manifest.lock */,
				BA8665872086349E00CFA679 /* Sources */,
				BA8665882086349E00CFA679 /* Frameworks */,
				BA8665892086349E00CFA679 /* Resources */,
				7BA92547D180E8E61A78D4B2 /* [CP] Embed Pods Frameworks */,
				125DB898F34DD56B32112034 /* [CP] Copy Pods Resources */,
			);
			buildRules = (
			);
			dependencies = (
			);
			name = "Food Sir";
			productName = "Food Sir";
			productReference = BA86658B2086349E00CFA679 /* Food Sir.app */;
			productType = "com.apple.product-type.application";
		};
/* End PBXNativeTarget section */

/* Begin PBXProject section */
		BA8665832086349E00CFA679 /* Project object */ = {
			isa = PBXProject;
			attributes = {
				LastSwiftUpdateCheck = 0930;
				LastUpgradeCheck = 0930;
				ORGANIZATIONNAME = "Arvids Gargurnis";
				TargetAttributes = {
					BA86658A2086349E00CFA679 = {
						CreatedOnToolsVersion = 9.3;
					};
				};
			};
			buildConfigurationList = BA8665862086349E00CFA679 /* Build configuration list for PBXProject "Food Sir" */;
			compatibilityVersion = "Xcode 9.3";
			developmentRegion = en;
			hasScannedForEncodings = 0;
			knownRegions = (
				en,
				Base,
			);
			mainGroup = BA8665822086349E00CFA679;
			productRefGroup = BA86658C2086349E00CFA679 /* Products */;
			projectDirPath = "";
			projectRoot = "";
			targets = (
				BA86658A2086349E00CFA679 /* Food Sir */,
			);
		};
/* End PBXProject section */

/* Begin PBXResourcesBuildPhase section */
		BA8665892086349E00CFA679 /* Resources */ = {
			isa = PBXResourcesBuildPhase;
			buildActionMask = 2147483647;
			files = (
				BA8665992086349F00CFA679 /* LaunchScreen.storyboard in Resources */,
				BA8665962086349F00CFA679 /* Assets.xcassets in Resources */,
				BA8665942086349E00CFA679 /* Main.storyboard in Resources */,
				BA86662B208F680600CFA679 /* GoogleService-Info.plist in Resources */,
			);
			runOnlyForDeploymentPostprocessing = 0;
		};
/* End PBXResourcesBuildPhase section */

/* Begin PBXShellScriptBuildPhase section */
		125DB898F34DD56B32112034 /* [CP] Copy Pods Resources */ = {
			isa = PBXShellScriptBuildPhase;
			buildActionMask = 2147483647;
			files = (
			);
			inputPaths = (
				"${SRCROOT}/Pods/Target Support Files/Pods-Food Sir/Pods-Food Sir-resources.sh",
				"${PODS_ROOT}/GoogleSignIn/Resources/GoogleSignIn.bundle",
			);
			name = "[CP] Copy Pods Resources";
			outputPaths = (
				"${TARGET_BUILD_DIR}/${UNLOCALIZED_RESOURCES_FOLDER_PATH}/GoogleSignIn.bundle",
			);
			runOnlyForDeploymentPostprocessing = 0;
			shellPath = /bin/sh;
			shellScript = "\"${SRCROOT}/Pods/Target Support Files/Pods-Food Sir/Pods-Food Sir-resources.sh\"\n";
			showEnvVarsInLog = 0;
		};
		7BA92547D180E8E61A78D4B2 /* [CP] Embed Pods Frameworks */ = {
			isa = PBXShellScriptBuildPhase;
			buildActionMask = 2147483647;
			files = (
			);
			inputPaths = (
				"${SRCROOT}/Pods/Target Support Files/Pods-Food Sir/Pods-Food Sir-frameworks.sh",
				"${BUILT_PRODUCTS_DIR}/Bolts/Bolts.framework",
				"${BUILT_PRODUCTS_DIR}/FBSDKCoreKit/FBSDKCoreKit.framework",
				"${BUILT_PRODUCTS_DIR}/FBSDKLoginKit/FBSDKLoginKit.framework",
				"${BUILT_PRODUCTS_DIR}/FBSDKShareKit/FBSDKShareKit.framework",
				"${BUILT_PRODUCTS_DIR}/GTMOAuth2/GTMOAuth2.framework",
				"${BUILT_PRODUCTS_DIR}/GTMSessionFetcher/GTMSessionFetcher.framework",
				"${BUILT_PRODUCTS_DIR}/GoogleToolboxForMac/GoogleToolboxForMac.framework",
				"${BUILT_PRODUCTS_DIR}/leveldb-library/leveldb.framework",
				"${BUILT_PRODUCTS_DIR}/nanopb/nanopb.framework",
			);
			name = "[CP] Embed Pods Frameworks";
			outputPaths = (
				"${TARGET_BUILD_DIR}/${FRAMEWORKS_FOLDER_PATH}/Bolts.framework",
				"${TARGET_BUILD_DIR}/${FRAMEWORKS_FOLDER_PATH}/FBSDKCoreKit.framework",
				"${TARGET_BUILD_DIR}/${FRAMEWORKS_FOLDER_PATH}/FBSDKLoginKit.framework",
				"${TARGET_BUILD_DIR}/${FRAMEWORKS_FOLDER_PATH}/FBSDKShareKit.framework",
				"${TARGET_BUILD_DIR}/${FRAMEWORKS_FOLDER_PATH}/GTMOAuth2.framework",
				"${TARGET_BUILD_DIR}/${FRAMEWORKS_FOLDER_PATH}/GTMSessionFetcher.framework",
				"${TARGET_BUILD_DIR}/${FRAMEWORKS_FOLDER_PATH}/GoogleToolboxForMac.framework",
				"${TARGET_BUILD_DIR}/${FRAMEWORKS_FOLDER_PATH}/leveldb.framework",
				"${TARGET_BUILD_DIR}/${FRAMEWORKS_FOLDER_PATH}/nanopb.framework",
			);
			runOnlyForDeploymentPostprocessing = 0;
			shellPath = /bin/sh;
			shellScript = "\"${SRCROOT}/Pods/Target Support Files/Pods-Food Sir/Pods-Food Sir-frameworks.sh\"\n";
			showEnvVarsInLog = 0;
		};
		A51E39EDC8A0540EBCD303AB /* [CP] Check Pods Manifest.lock */ = {
			isa = PBXShellScriptBuildPhase;
			buildActionMask = 2147483647;
			files = (
			);
			inputPaths = (
				"${PODS_PODFILE_DIR_PATH}/Podfile.lock",
				"${PODS_ROOT}/Manifest.lock",
			);
			name = "[CP] Check Pods Manifest.lock";
			outputPaths = (
				"$(DERIVED_FILE_DIR)/Pods-Food Sir-checkManifestLockResult.txt",
			);
			runOnlyForDeploymentPostprocessing = 0;
			shellPath = /bin/sh;
			shellScript = "diff \"${PODS_PODFILE_DIR_PATH}/Podfile.lock\" \"${PODS_ROOT}/Manifest.lock\" > /dev/null\nif [ $? != 0 ] ; then\n    # print error to STDERR\n    echo \"error: The sandbox is not in sync with the Podfile.lock. Run 'pod install' or update your CocoaPods installation.\" >&2\n    exit 1\nfi\n# This output is used by Xcode 'outputs' to avoid re-running this script phase.\necho \"SUCCESS\" > \"${SCRIPT_OUTPUT_FILE_0}\"\n";
			showEnvVarsInLog = 0;
		};
/* End PBXShellScriptBuildPhase section */

/* Begin PBXSourcesBuildPhase section */
		BA8665872086349E00CFA679 /* Sources */ = {
			isa = PBXSourcesBuildPhase;
			buildActionMask = 2147483647;
			files = (
				BA86662D208F916B00CFA679 /* LoginCell.swift in Sources */,
				BA8665A2208638B100CFA679 /* Extensions.swift in Sources */,
				BA8665AF20863E3300CFA679 /* OnboardingScreen.swift in Sources */,
				BA8665A920863DB300CFA679 /* UserDefaults.swift in Sources */,
				BA86663720954B9600CFA679 /* Post.swift in Sources */,
				BA866653209DC18700CFA679 /* CommentViewCell.swift in Sources */,
				BA866645209A6BE100CFA679 /* ImageCell.swift in Sources */,
				BA86665A20A24D3C00CFA679 /* SharePostController.swift in Sources */,
				BA8665A520863D6300CFA679 /* OnboardingScreenController.swift in Sources */,
				BA866643209A6AA500CFA679 /* GroceryCell.swift in Sources */,
				BA8666312093C76900CFA679 /* CustomTabBarController.swift in Sources */,
				BA8666392096597100CFA679 /* PostCell.swift in Sources */,
				BA8666332093C85A00CFA679 /* InspirationController.swift in Sources */,
				BA8665B120863E5000CFA679 /* OnboardingCell.swift in Sources */,
				BA86658F2086349E00CFA679 /* AppDelegate.swift in Sources */,
				BA86665820A24CDB00CFA679 /* SharePostView.swift in Sources */,
				BA86664D209B7A4D00CFA679 /* Comment.swift in Sources */,
				BA866651209DC10700CFA679 /* CommentCell.swift in Sources */,
				BA8665AB20863DEE00CFA679 /* LoginController.swift in Sources */,
				BA86662F2092086F00CFA679 /* User.swift in Sources */,
				BA866635209513A900CFA679 /* ProfileController.swift in Sources */,
			);
			runOnlyForDeploymentPostprocessing = 0;
		};
/* End PBXSourcesBuildPhase section */

/* Begin PBXVariantGroup section */
		BA8665922086349E00CFA679 /* Main.storyboard */ = {
			isa = PBXVariantGroup;
			children = (
				BA8665932086349E00CFA679 /* Base */,
			);
			name = Main.storyboard;
			sourceTree = "<group>";
		};
		BA8665972086349F00CFA679 /* LaunchScreen.storyboard */ = {
			isa = PBXVariantGroup;
			children = (
				BA8665982086349F00CFA679 /* Base */,
			);
			name = LaunchScreen.storyboard;
			sourceTree = "<group>";
		};
/* End PBXVariantGroup section */

/* Begin XCBuildConfiguration section */
		BA86659B2086349F00CFA679 /* Debug */ = {
			isa = XCBuildConfiguration;
			buildSettings = {
				ALWAYS_SEARCH_USER_PATHS = NO;
				CLANG_ANALYZER_NONNULL = YES;
				CLANG_ANALYZER_NUMBER_OBJECT_CONVERSION = YES_AGGRESSIVE;
				CLANG_CXX_LANGUAGE_STANDARD = "gnu++14";
				CLANG_CXX_LIBRARY = "libc++";
				CLANG_ENABLE_MODULES = YES;
				CLANG_ENABLE_OBJC_ARC = YES;
				CLANG_ENABLE_OBJC_WEAK = YES;
				CLANG_WARN_BLOCK_CAPTURE_AUTORELEASING = YES;
				CLANG_WARN_BOOL_CONVERSION = YES;
				CLANG_WARN_COMMA = YES;
				CLANG_WARN_CONSTANT_CONVERSION = YES;
				CLANG_WARN_DEPRECATED_OBJC_IMPLEMENTATIONS = YES;
				CLANG_WARN_DIRECT_OBJC_ISA_USAGE = YES_ERROR;
				CLANG_WARN_DOCUMENTATION_COMMENTS = YES;
				CLANG_WARN_EMPTY_BODY = YES;
				CLANG_WARN_ENUM_CONVERSION = YES;
				CLANG_WARN_INFINITE_RECURSION = YES;
				CLANG_WARN_INT_CONVERSION = YES;
				CLANG_WARN_NON_LITERAL_NULL_CONVERSION = YES;
				CLANG_WARN_OBJC_IMPLICIT_RETAIN_SELF = YES;
				CLANG_WARN_OBJC_LITERAL_CONVERSION = YES;
				CLANG_WARN_OBJC_ROOT_CLASS = YES_ERROR;
				CLANG_WARN_RANGE_LOOP_ANALYSIS = YES;
				CLANG_WARN_STRICT_PROTOTYPES = YES;
				CLANG_WARN_SUSPICIOUS_MOVE = YES;
				CLANG_WARN_UNGUARDED_AVAILABILITY = YES_AGGRESSIVE;
				CLANG_WARN_UNREACHABLE_CODE = YES;
				CLANG_WARN__DUPLICATE_METHOD_MATCH = YES;
				CODE_SIGN_IDENTITY = "iPhone Developer";
				COPY_PHASE_STRIP = NO;
				DEBUG_INFORMATION_FORMAT = dwarf;
				ENABLE_STRICT_OBJC_MSGSEND = YES;
				ENABLE_TESTABILITY = YES;
				GCC_C_LANGUAGE_STANDARD = gnu11;
				GCC_DYNAMIC_NO_PIC = NO;
				GCC_NO_COMMON_BLOCKS = YES;
				GCC_OPTIMIZATION_LEVEL = 0;
				GCC_PREPROCESSOR_DEFINITIONS = (
					"DEBUG=1",
					"$(inherited)",
				);
				GCC_WARN_64_TO_32_BIT_CONVERSION = YES;
				GCC_WARN_ABOUT_RETURN_TYPE = YES_ERROR;
				GCC_WARN_UNDECLARED_SELECTOR = YES;
				GCC_WARN_UNINITIALIZED_AUTOS = YES_AGGRESSIVE;
				GCC_WARN_UNUSED_FUNCTION = YES;
				GCC_WARN_UNUSED_VARIABLE = YES;
				IPHONEOS_DEPLOYMENT_TARGET = 11.3;
				MTL_ENABLE_DEBUG_INFO = YES;
				ONLY_ACTIVE_ARCH = YES;
				SDKROOT = iphoneos;
				SWIFT_ACTIVE_COMPILATION_CONDITIONS = DEBUG;
				SWIFT_OPTIMIZATION_LEVEL = "-Onone";
			};
			name = Debug;
		};
		BA86659C2086349F00CFA679 /* Release */ = {
			isa = XCBuildConfiguration;
			buildSettings = {
				ALWAYS_SEARCH_USER_PATHS = NO;
				CLANG_ANALYZER_NONNULL = YES;
				CLANG_ANALYZER_NUMBER_OBJECT_CONVERSION = YES_AGGRESSIVE;
				CLANG_CXX_LANGUAGE_STANDARD = "gnu++14";
				CLANG_CXX_LIBRARY = "libc++";
				CLANG_ENABLE_MODULES = YES;
				CLANG_ENABLE_OBJC_ARC = YES;
				CLANG_ENABLE_OBJC_WEAK = YES;
				CLANG_WARN_BLOCK_CAPTURE_AUTORELEASING = YES;
				CLANG_WARN_BOOL_CONVERSION = YES;
				CLANG_WARN_COMMA = YES;
				CLANG_WARN_CONSTANT_CONVERSION = YES;
				CLANG_WARN_DEPRECATED_OBJC_IMPLEMENTATIONS = YES;
				CLANG_WARN_DIRECT_OBJC_ISA_USAGE = YES_ERROR;
				CLANG_WARN_DOCUMENTATION_COMMENTS = YES;
				CLANG_WARN_EMPTY_BODY = YES;
				CLANG_WARN_ENUM_CONVERSION = YES;
				CLANG_WARN_INFINITE_RECURSION = YES;
				CLANG_WARN_INT_CONVERSION = YES;
				CLANG_WARN_NON_LITERAL_NULL_CONVERSION = YES;
				CLANG_WARN_OBJC_IMPLICIT_RETAIN_SELF = YES;
				CLANG_WARN_OBJC_LITERAL_CONVERSION = YES;
				CLANG_WARN_OBJC_ROOT_CLASS = YES_ERROR;
				CLANG_WARN_RANGE_LOOP_ANALYSIS = YES;
				CLANG_WARN_STRICT_PROTOTYPES = YES;
				CLANG_WARN_SUSPICIOUS_MOVE = YES;
				CLANG_WARN_UNGUARDED_AVAILABILITY = YES_AGGRESSIVE;
				CLANG_WARN_UNREACHABLE_CODE = YES;
				CLANG_WARN__DUPLICATE_METHOD_MATCH = YES;
				CODE_SIGN_IDENTITY = "iPhone Developer";
				COPY_PHASE_STRIP = NO;
				DEBUG_INFORMATION_FORMAT = "dwarf-with-dsym";
				ENABLE_NS_ASSERTIONS = NO;
				ENABLE_STRICT_OBJC_MSGSEND = YES;
				GCC_C_LANGUAGE_STANDARD = gnu11;
				GCC_NO_COMMON_BLOCKS = YES;
				GCC_WARN_64_TO_32_BIT_CONVERSION = YES;
				GCC_WARN_ABOUT_RETURN_TYPE = YES_ERROR;
				GCC_WARN_UNDECLARED_SELECTOR = YES;
				GCC_WARN_UNINITIALIZED_AUTOS = YES_AGGRESSIVE;
				GCC_WARN_UNUSED_FUNCTION = YES;
				GCC_WARN_UNUSED_VARIABLE = YES;
				IPHONEOS_DEPLOYMENT_TARGET = 11.3;
				MTL_ENABLE_DEBUG_INFO = NO;
				SDKROOT = iphoneos;
				SWIFT_COMPILATION_MODE = wholemodule;
				SWIFT_OPTIMIZATION_LEVEL = "-O";
				VALIDATE_PRODUCT = YES;
			};
			name = Release;
		};
		BA86659E2086349F00CFA679 /* Debug */ = {
			isa = XCBuildConfiguration;
			baseConfigurationReference = D090327A6381FBBB839F4AD9 /* Pods-Food Sir.debug.xcconfig */;
			buildSettings = {
				ASSETCATALOG_COMPILER_APPICON_NAME = AppIcon;
				CODE_SIGN_STYLE = Automatic;
				DEVELOPMENT_TEAM = 69953DVWMV;
				INFOPLIST_FILE = "Food Sir/Info.plist";
				LD_RUNPATH_SEARCH_PATHS = (
					"$(inherited)",
					"@executable_path/Frameworks",
				);
				PRODUCT_BUNDLE_IDENTIFIER = "com.agargurnis.Food-Sir";
				PRODUCT_NAME = "$(TARGET_NAME)";
				SWIFT_VERSION = 4.0;
				TARGETED_DEVICE_FAMILY = "1,2";
			};
			name = Debug;
		};
		BA86659F2086349F00CFA679 /* Release */ = {
			isa = XCBuildConfiguration;
			baseConfigurationReference = 07564DBC10A134DEB48CB108 /* Pods-Food Sir.release.xcconfig */;
			buildSettings = {
				ASSETCATALOG_COMPILER_APPICON_NAME = AppIcon;
				CODE_SIGN_STYLE = Automatic;
				DEVELOPMENT_TEAM = 69953DVWMV;
				INFOPLIST_FILE = "Food Sir/Info.plist";
				LD_RUNPATH_SEARCH_PATHS = (
					"$(inherited)",
					"@executable_path/Frameworks",
				);
				PRODUCT_BUNDLE_IDENTIFIER = "com.agargurnis.Food-Sir";
				PRODUCT_NAME = "$(TARGET_NAME)";
				SWIFT_VERSION = 4.0;
				TARGETED_DEVICE_FAMILY = "1,2";
			};
			name = Release;
		};
/* End XCBuildConfiguration section */

/* Begin XCConfigurationList section */
		BA8665862086349E00CFA679 /* Build configuration list for PBXProject "Food Sir" */ = {
			isa = XCConfigurationList;
			buildConfigurations = (
				BA86659B2086349F00CFA679 /* Debug */,
				BA86659C2086349F00CFA679 /* Release */,
			);
			defaultConfigurationIsVisible = 0;
			defaultConfigurationName = Release;
		};
		BA86659D2086349F00CFA679 /* Build configuration list for PBXNativeTarget "Food Sir" */ = {
			isa = XCConfigurationList;
			buildConfigurations = (
				BA86659E2086349F00CFA679 /* Debug */,
				BA86659F2086349F00CFA679 /* Release */,
			);
			defaultConfigurationIsVisible = 0;
			defaultConfigurationName = Release;
		};
/* End XCConfigurationList section */
	};
	rootObject = BA8665832086349E00CFA679 /* Project object */;
}
